github.com/McShelby/hugo-theme-relearn v0.0.0-20241025063418-28fce6b04c41 h1:v63Cd8JaY9tshjzjS7qx42XBYzWSJRiPsUJH/5H8uB0=
github.com/McShelby/hugo-theme-relearn v0.0.0-20241025063418-28fce6b04c41/go.mod h1:mKQQdxZNIlLvAj8X3tMq+RzntIJSr9z7XdzuMomt0IM=
github.com/McShelby/hugo-theme-relearn v0.0.0-20241210183303-16d4de84becf h1:bMx4kwM7Q+dAzvSOWs3XWZ25o+n4mI0GPHqzbzeWb3M=
github.com/McShelby/hugo-theme-relearn v0.0.0-20241210183303-16d4de84becf/go.mod h1:mKQQdxZNIlLvAj8X3tMq+RzntIJSr9z7XdzuMomt0IM=
